
Microsoft Visual Studio Solution File, Format Version 12.00
# Visual Studio Version 17
VisualStudioVersion = 17.3.32929.385
MinimumVisualStudioVersion = 10.0.40219.1
Project("{FAE04EC0-301F-11D3-BF4B-00C04F79EFBC}") = "wpf_client", "wpf_client\wpf_client.csproj", "{4F5252BF-0448-45ED-AF30-FDBEB2CAEACA}"
EndProject
Global
	GlobalSection(SolutionConfigurationPlatforms) = preSolution
		Debug|Any CPU = Debug|Any CPU
		Release|Any CPU = Release|Any CPU
	EndGlobalSection
	GlobalSection(ProjectConfigurationPlatforms) = postSolution
		{4F5252BF-0448-45ED-AF30-FDBEB2CAEACA}.Debug|Any CPU.ActiveCfg = Debug|Any CPU
		{4F5252BF-0448-45ED-AF30-FDBEB2CAEACA}.Debug|Any CPU.Build.0 = Debug|Any CPU
		{4F5252BF-0448-45ED-AF30-FDBEB2CAEACA}.Release|Any CPU.ActiveCfg = Release|Any CPU
		{4F5252BF-0448-45ED-AF30-FDBEB2CAEACA}.Release|Any CPU.Build.0 = Release|Any CPU
	EndGlobalSection
	GlobalSection(SolutionProperties) = preSolution
		HideSolutionNode = FALSE
	EndGlobalSection
	GlobalSection(ExtensibilityGlobals) = postSolution
		SolutionGuid = {C0A1051F-F3DA-4224-9475-7EAD60344045}
	EndGlobalSection
EndGlobal
